
Microsoft Visual Studio Solution File, Format Version 10.00
# Visual C++ Express 2008
Project("{8BC9CEB8-8B4A-11D0-8D11-00A0C91BC942}") = "HovercraftUniverse", "HovercraftUniverse\HovercraftUniverse.vcproj", "{CCFF60E1-9306-493F-AD38-410877FB3177}"
	ProjectSection(ProjectDependencies) = postProject
		{14203143-6339-4C43-95C7-A1B35B015346} = {14203143-6339-4C43-95C7-A1B35B015346}
		{794CA943-9679-4384-B6BE-78506C3D8679} = {794CA943-9679-4384-B6BE-78506C3D8679}
		{9C3B9A9B-87F7-45D9-B1B6-D26C2F7DB0DB} = {9C3B9A9B-87F7-45D9-B1B6-D26C2F7DB0DB}
		{4AF3159D-FCA5-41B0-A3D3-C69E411AC6FE} = {4AF3159D-FCA5-41B0-A3D3-C69E411AC6FE}
		{E95EE5D8-561F-4736-B69C-0EC206894F78} = {E95EE5D8-561F-4736-B69C-0EC206894F78}
		{186671F0-05A1-4CCC-A946-7A762D59C0F7} = {186671F0-05A1-4CCC-A946-7A762D59C0F7}
	EndProjectSection
EndProject
Project("{8BC9CEB8-8B4A-11D0-8D11-00A0C91BC942}") = "Content", "Content\Content.vcproj", "{E95EE5D8-561F-4736-B69C-0EC206894F78}"
	ProjectSection(ProjectDependencies) = postProject
		{186671F0-05A1-4CCC-A946-7A762D59C0F7} = {186671F0-05A1-4CCC-A946-7A762D59C0F7}
	EndProjectSection
EndProject
Project("{8BC9CEB8-8B4A-11D0-8D11-00A0C91BC942}") = "OgreMax", "OgreMax\OgreMax.vcproj", "{186671F0-05A1-4CCC-A946-7A762D59C0F7}"
EndProject
Project("{8BC9CEB8-8B4A-11D0-8D11-00A0C91BC942}") = "HavocLoader", "HavocLoader\HavocLoader.vcproj", "{12D7AE21-CEF6-4F5F-8277-E07BEB960D31}"
	ProjectSection(ProjectDependencies) = postProject
		{186671F0-05A1-4CCC-A946-7A762D59C0F7} = {186671F0-05A1-4CCC-A946-7A762D59C0F7}
	EndProjectSection
EndProject
Project("{8BC9CEB8-8B4A-11D0-8D11-00A0C91BC942}") = "GUI", "GUI\GUI.vcproj", "{794CA943-9679-4384-B6BE-78506C3D8679}"
EndProject
Project("{8BC9CEB8-8B4A-11D0-8D11-00A0C91BC942}") = "Networking", "Networking\Networking.vcproj", "{9C3B9A9B-87F7-45D9-B1B6-D26C2F7DB0DB}"
	ProjectSection(ProjectDependencies) = postProject
		{4AF3159D-FCA5-41B0-A3D3-C69E411AC6FE} = {4AF3159D-FCA5-41B0-A3D3-C69E411AC6FE}
	EndProjectSection
EndProject
Project("{8BC9CEB8-8B4A-11D0-8D11-00A0C91BC942}") = "Sound", "Sound\Sound.vcproj", "{14203143-6339-4C43-95C7-A1B35B015346}"
EndProject
Project("{8BC9CEB8-8B4A-11D0-8D11-00A0C91BC942}") = "Scripting", "Scripting\Scripting.vcproj", "{9CE0D6D5-4A45-4848-9B9C-E3F996E98B8F}"
EndProject
Project("{8BC9CEB8-8B4A-11D0-8D11-00A0C91BC942}") = "ContentDemo", "ContentDemo\ContentDemo.vcproj", "{C18658C9-D5FF-4EBB-A970-D7E180DA2B28}"
	ProjectSection(ProjectDependencies) = postProject
		{E95EE5D8-561F-4736-B69C-0EC206894F78} = {E95EE5D8-561F-4736-B69C-0EC206894F78}
		{186671F0-05A1-4CCC-A946-7A762D59C0F7} = {186671F0-05A1-4CCC-A946-7A762D59C0F7}
	EndProjectSection
EndProject
Project("{8BC9CEB8-8B4A-11D0-8D11-00A0C91BC942}") = "Exceptions", "Exceptions\Exceptions.vcproj", "{4AF3159D-FCA5-41B0-A3D3-C69E411AC6FE}"
EndProject
Global
	GlobalSection(SolutionConfigurationPlatforms) = preSolution
		Debug|Win32 = Debug|Win32
		Release|Win32 = Release|Win32
	EndGlobalSection
	GlobalSection(ProjectConfigurationPlatforms) = postSolution
		{CCFF60E1-9306-493F-AD38-410877FB3177}.Debug|Win32.ActiveCfg = Debug|Win32
		{CCFF60E1-9306-493F-AD38-410877FB3177}.Debug|Win32.Build.0 = Debug|Win32
		{CCFF60E1-9306-493F-AD38-410877FB3177}.Release|Win32.ActiveCfg = Release|Win32
		{CCFF60E1-9306-493F-AD38-410877FB3177}.Release|Win32.Build.0 = Release|Win32
		{E95EE5D8-561F-4736-B69C-0EC206894F78}.Debug|Win32.ActiveCfg = Debug|Win32
		{E95EE5D8-561F-4736-B69C-0EC206894F78}.Debug|Win32.Build.0 = Debug|Win32
		{E95EE5D8-561F-4736-B69C-0EC206894F78}.Release|Win32.ActiveCfg = Release|Win32
		{E95EE5D8-561F-4736-B69C-0EC206894F78}.Release|Win32.Build.0 = Release|Win32
		{186671F0-05A1-4CCC-A946-7A762D59C0F7}.Debug|Win32.ActiveCfg = Debug|Win32
		{186671F0-05A1-4CCC-A946-7A762D59C0F7}.Debug|Win32.Build.0 = Debug|Win32
		{186671F0-05A1-4CCC-A946-7A762D59C0F7}.Release|Win32.ActiveCfg = Release|Win32
		{186671F0-05A1-4CCC-A946-7A762D59C0F7}.Release|Win32.Build.0 = Release|Win32
		{12D7AE21-CEF6-4F5F-8277-E07BEB960D31}.Debug|Win32.ActiveCfg = Debug|Win32
		{12D7AE21-CEF6-4F5F-8277-E07BEB960D31}.Debug|Win32.Build.0 = Debug|Win32
		{12D7AE21-CEF6-4F5F-8277-E07BEB960D31}.Release|Win32.ActiveCfg = Release|Win32
		{12D7AE21-CEF6-4F5F-8277-E07BEB960D31}.Release|Win32.Build.0 = Release|Win32
		{794CA943-9679-4384-B6BE-78506C3D8679}.Debug|Win32.ActiveCfg = Debug|Win32
		{794CA943-9679-4384-B6BE-78506C3D8679}.Debug|Win32.Build.0 = Debug|Win32
		{794CA943-9679-4384-B6BE-78506C3D8679}.Release|Win32.ActiveCfg = Release|Win32
		{794CA943-9679-4384-B6BE-78506C3D8679}.Release|Win32.Build.0 = Release|Win32
		{9C3B9A9B-87F7-45D9-B1B6-D26C2F7DB0DB}.Debug|Win32.ActiveCfg = Debug|Win32
		{9C3B9A9B-87F7-45D9-B1B6-D26C2F7DB0DB}.Debug|Win32.Build.0 = Debug|Win32
		{9C3B9A9B-87F7-45D9-B1B6-D26C2F7DB0DB}.Release|Win32.ActiveCfg = Release|Win32
		{9C3B9A9B-87F7-45D9-B1B6-D26C2F7DB0DB}.Release|Win32.Build.0 = Release|Win32
		{14203143-6339-4C43-95C7-A1B35B015346}.Debug|Win32.ActiveCfg = Debug|Win32
		{14203143-6339-4C43-95C7-A1B35B015346}.Debug|Win32.Build.0 = Debug|Win32
		{14203143-6339-4C43-95C7-A1B35B015346}.Release|Win32.ActiveCfg = Release|Win32
		{14203143-6339-4C43-95C7-A1B35B015346}.Release|Win32.Build.0 = Release|Win32
		{9CE0D6D5-4A45-4848-9B9C-E3F996E98B8F}.Debug|Win32.ActiveCfg = Debug|Win32
		{9CE0D6D5-4A45-4848-9B9C-E3F996E98B8F}.Debug|Win32.Build.0 = Debug|Win32
		{9CE0D6D5-4A45-4848-9B9C-E3F996E98B8F}.Release|Win32.ActiveCfg = Release|Win32
		{9CE0D6D5-4A45-4848-9B9C-E3F996E98B8F}.Release|Win32.Build.0 = Release|Win32
		{C18658C9-D5FF-4EBB-A970-D7E180DA2B28}.Debug|Win32.ActiveCfg = Debug|Win32
		{C18658C9-D5FF-4EBB-A970-D7E180DA2B28}.Debug|Win32.Build.0 = Debug|Win32
		{C18658C9-D5FF-4EBB-A970-D7E180DA2B28}.Release|Win32.ActiveCfg = Release|Win32
		{C18658C9-D5FF-4EBB-A970-D7E180DA2B28}.Release|Win32.Build.0 = Release|Win32
		{4AF3159D-FCA5-41B0-A3D3-C69E411AC6FE}.Debug|Win32.ActiveCfg = Debug|Win32
		{4AF3159D-FCA5-41B0-A3D3-C69E411AC6FE}.Debug|Win32.Build.0 = Debug|Win32
		{4AF3159D-FCA5-41B0-A3D3-C69E411AC6FE}.Release|Win32.ActiveCfg = Release|Win32
	EndGlobalSection
	GlobalSection(SolutionProperties) = preSolution
		HideSolutionNode = FALSE
	EndGlobalSection
EndGlobal
