
Microsoft Visual Studio Solution File, Format Version 10.00
# Visual C++ Express 2008
Project("{8BC9CEB8-8B4A-11D0-8D11-00A0C91BC942}") = "HovercraftUniverse", "HovercraftUniverse\HovercraftUniverse.vcproj", "{CCFF60E1-9306-493F-AD38-410877FB3177}"
	ProjectSection(ProjectDependencies) = postProject
		{E95EE5D8-561F-4736-B69C-0EC206894F78} = {E95EE5D8-561F-4736-B69C-0EC206894F78}
		{186671F0-05A1-4CCC-A946-7A762D59C0F7} = {186671F0-05A1-4CCC-A946-7A762D59C0F7}
	EndProjectSection
EndProject
Project("{8BC9CEB8-8B4A-11D0-8D11-00A0C91BC942}") = "Content", "Content\Content.vcproj", "{E95EE5D8-561F-4736-B69C-0EC206894F78}"
	ProjectSection(ProjectDependencies) = postProject
		{186671F0-05A1-4CCC-A946-7A762D59C0F7} = {186671F0-05A1-4CCC-A946-7A762D59C0F7}
	EndProjectSection
EndProject
Project("{8BC9CEB8-8B4A-11D0-8D11-00A0C91BC942}") = "OgreMax", "OgreMax\OgreMax.vcproj", "{186671F0-05A1-4CCC-A946-7A762D59C0F7}"
EndProject
Project("{8BC9CEB8-8B4A-11D0-8D11-00A0C91BC942}") = "HavocLoader", "HavocLoader\HavocLoader.vcproj", "{12D7AE21-CEF6-4F5F-8277-E07BEB960D31}"
EndProject
Project("{8BC9CEB8-8B4A-11D0-8D11-00A0C91BC942}") = "GUI", "GUI\GUI.vcproj", "{794CA943-9679-4384-B6BE-78506C3D8679}"
EndProject
Global
	GlobalSection(SolutionConfigurationPlatforms) = preSolution
		Debug|Win32 = Debug|Win32
		Release|Win32 = Release|Win32
	EndGlobalSection
	GlobalSection(ProjectConfigurationPlatforms) = postSolution
		{CCFF60E1-9306-493F-AD38-410877FB3177}.Debug|Win32.ActiveCfg = Debug|Win32
		{CCFF60E1-9306-493F-AD38-410877FB3177}.Debug|Win32.Build.0 = Debug|Win32
		{CCFF60E1-9306-493F-AD38-410877FB3177}.Release|Win32.ActiveCfg = Release|Win32
		{CCFF60E1-9306-493F-AD38-410877FB3177}.Release|Win32.Build.0 = Release|Win32
		{E95EE5D8-561F-4736-B69C-0EC206894F78}.Debug|Win32.ActiveCfg = Debug|Win32
		{E95EE5D8-561F-4736-B69C-0EC206894F78}.Debug|Win32.Build.0 = Debug|Win32
		{E95EE5D8-561F-4736-B69C-0EC206894F78}.Release|Win32.ActiveCfg = Release|Win32
		{E95EE5D8-561F-4736-B69C-0EC206894F78}.Release|Win32.Build.0 = Release|Win32
		{186671F0-05A1-4CCC-A946-7A762D59C0F7}.Debug|Win32.ActiveCfg = Debug|Win32
		{186671F0-05A1-4CCC-A946-7A762D59C0F7}.Debug|Win32.Build.0 = Debug|Win32
		{186671F0-05A1-4CCC-A946-7A762D59C0F7}.Release|Win32.ActiveCfg = Release|Win32
		{186671F0-05A1-4CCC-A946-7A762D59C0F7}.Release|Win32.Build.0 = Release|Win32
		{12D7AE21-CEF6-4F5F-8277-E07BEB960D31}.Debug|Win32.ActiveCfg = Debug|Win32
		{12D7AE21-CEF6-4F5F-8277-E07BEB960D31}.Debug|Win32.Build.0 = Debug|Win32
		{12D7AE21-CEF6-4F5F-8277-E07BEB960D31}.Release|Win32.ActiveCfg = Release|Win32
		{12D7AE21-CEF6-4F5F-8277-E07BEB960D31}.Release|Win32.Build.0 = Release|Win32
		{794CA943-9679-4384-B6BE-78506C3D8679}.Debug|Win32.ActiveCfg = Debug|Win32
		{794CA943-9679-4384-B6BE-78506C3D8679}.Debug|Win32.Build.0 = Debug|Win32
		{794CA943-9679-4384-B6BE-78506C3D8679}.Release|Win32.ActiveCfg = Release|Win32
		{794CA943-9679-4384-B6BE-78506C3D8679}.Release|Win32.Build.0 = Release|Win32
	EndGlobalSection
	GlobalSection(SolutionProperties) = preSolution
		HideSolutionNode = FALSE
	EndGlobalSection
EndGlobal
