
Microsoft Visual Studio Solution File, Format Version 10.00
# Visual C++ Express 2008
Project("{8BC9CEB8-8B4A-11D0-8D11-00A0C91BC942}") = "HovercraftUniverse", "HovercraftUniverse\HovercraftUniverse.vcproj", "{CCFF60E1-9306-493F-AD38-410877FB3177}"
EndProject
Project("{8BC9CEB8-8B4A-11D0-8D11-00A0C91BC942}") = "Content", "Content\Content.vcproj", "{E95EE5D8-561F-4736-B69C-0EC206894F78}"
EndProject
Global
	GlobalSection(SolutionConfigurationPlatforms) = preSolution
		Debug|Win32 = Debug|Win32
		Release|Win32 = Release|Win32
	EndGlobalSection
	GlobalSection(ProjectConfigurationPlatforms) = postSolution
		{CCFF60E1-9306-493F-AD38-410877FB3177}.Debug|Win32.ActiveCfg = Debug|Win32
		{CCFF60E1-9306-493F-AD38-410877FB3177}.Debug|Win32.Build.0 = Debug|Win32
		{CCFF60E1-9306-493F-AD38-410877FB3177}.Release|Win32.ActiveCfg = Release|Win32
		{CCFF60E1-9306-493F-AD38-410877FB3177}.Release|Win32.Build.0 = Release|Win32
		{E95EE5D8-561F-4736-B69C-0EC206894F78}.Debug|Win32.ActiveCfg = Debug|Win32
		{E95EE5D8-561F-4736-B69C-0EC206894F78}.Debug|Win32.Build.0 = Debug|Win32
		{E95EE5D8-561F-4736-B69C-0EC206894F78}.Release|Win32.ActiveCfg = Release|Win32
		{E95EE5D8-561F-4736-B69C-0EC206894F78}.Release|Win32.Build.0 = Release|Win32
	EndGlobalSection
	GlobalSection(SolutionProperties) = preSolution
		HideSolutionNode = FALSE
	EndGlobalSection
EndGlobal
